// !$*UTF8*$!
{
	archiveVersion = 1;
	classes = {
	};
	objectVersion = 56;
	objects = {

/* Begin PBXBuildFile section */
		0136F351F209CE18527BE8C9 /* Pods_ByteCoreTests.framework in Frameworks */ = {isa = PBXBuildFile; fileRef = CDF9B0DD564554C73C62A2CC /* Pods_ByteCoreTests.framework */; };
		0280AEA52AE58E1800DEAEAC /* LocalRMViewModel.swift in Sources */ = {isa = PBXBuildFile; fileRef = 0280AEA42AE58E1800DEAEAC /* LocalRMViewModel.swift */; };
		0280AEA72AE58E2E00DEAEAC /* LocalRMRepository.swift in Sources */ = {isa = PBXBuildFile; fileRef = 0280AEA62AE58E2E00DEAEAC /* LocalRMRepository.swift */; };
		0280AEA92AE5915A00DEAEAC /* LocalRMCharacter.swift in Sources */ = {isa = PBXBuildFile; fileRef = 0280AEA82AE5915A00DEAEAC /* LocalRMCharacter.swift */; };
		02ADC2AE2AE239AC00F4F126 /* LocalStorage.swift in Sources */ = {isa = PBXBuildFile; fileRef = 02ADC2AD2AE239AC00F4F126 /* LocalStorage.swift */; };
		02ADC2B12AE23B3B00F4F126 /* LocalError.swift in Sources */ = {isa = PBXBuildFile; fileRef = 02ADC2B02AE23B3B00F4F126 /* LocalError.swift */; };
		85185A712AB9A1B3004EE634 /* BaseViewModel.swift in Sources */ = {isa = PBXBuildFile; fileRef = 85185A652AB9A1B2004EE634 /* BaseViewModel.swift */; };
		85185A722AB9A1B3004EE634 /* BCViewController.swift in Sources */ = {isa = PBXBuildFile; fileRef = 85185A672AB9A1B3004EE634 /* BCViewController.swift */; };
		85185A732AB9A1B3004EE634 /* NetworkService.swift in Sources */ = {isa = PBXBuildFile; fileRef = 85185A6A2AB9A1B3004EE634 /* NetworkService.swift */; };
		85185A742AB9A1B3004EE634 /* ServerError.swift in Sources */ = {isa = PBXBuildFile; fileRef = 85185A6C2AB9A1B3004EE634 /* ServerError.swift */; };
		85185A752AB9A1B3004EE634 /* NetworkError.swift in Sources */ = {isa = PBXBuildFile; fileRef = 85185A6D2AB9A1B3004EE634 /* NetworkError.swift */; };
		85185A762AB9A1B3004EE634 /* State.swift in Sources */ = {isa = PBXBuildFile; fileRef = 85185A6F2AB9A1B3004EE634 /* State.swift */; };
		85185A772AB9A1B3004EE634 /* AnyState+Wrapper.swift in Sources */ = {isa = PBXBuildFile; fileRef = 85185A702AB9A1B3004EE634 /* AnyState+Wrapper.swift */; };
		85185A852AB9A2EA004EE634 /* BaseUI.swift in Sources */ = {isa = PBXBuildFile; fileRef = 85185A842AB9A2EA004EE634 /* BaseUI.swift */; };
		85185A8B2AB9A481004EE634 /* RMViewController.swift in Sources */ = {isa = PBXBuildFile; fileRef = 85185A8A2AB9A481004EE634 /* RMViewController.swift */; };
		85185A8E2AB9A4F6004EE634 /* RMAPI.swift in Sources */ = {isa = PBXBuildFile; fileRef = 85185A8D2AB9A4F6004EE634 /* RMAPI.swift */; };
		85185A902AB9A51E004EE634 /* RMCharacter.swift in Sources */ = {isa = PBXBuildFile; fileRef = 85185A8F2AB9A51E004EE634 /* RMCharacter.swift */; };
		85185A922AB9A52F004EE634 /* RMViewModel.swift in Sources */ = {isa = PBXBuildFile; fileRef = 85185A912AB9A52F004EE634 /* RMViewModel.swift */; };
		85185A942AB9A734004EE634 /* RMPaginatedResponse.swift in Sources */ = {isa = PBXBuildFile; fileRef = 85185A932AB9A734004EE634 /* RMPaginatedResponse.swift */; };
		85185A972AB9AA7A004EE634 /* ByteCore.podspec in Resources */ = {isa = PBXBuildFile; fileRef = 85185A952AB9AA7A004EE634 /* ByteCore.podspec */; };
		85185A982AB9AA7A004EE634 /* Podfile in Resources */ = {isa = PBXBuildFile; fileRef = 85185A962AB9AA7A004EE634 /* Podfile */; };
		85185A9A2AB9AB63004EE634 /* RMRepository.swift in Sources */ = {isa = PBXBuildFile; fileRef = 85185A992AB9AB63004EE634 /* RMRepository.swift */; };
		CB90CA29AEA2D9E90A94129C /* Pods_ByteCore_ByteCoreUITests.framework in Frameworks */ = {isa = PBXBuildFile; fileRef = 2C65FBD0B515B71CB612861C /* Pods_ByteCore_ByteCoreUITests.framework */; };
		EB9B701683A22533DBF5F7B1 /* Pods_ByteCore.framework in Frameworks */ = {isa = PBXBuildFile; fileRef = E39EEE7D9FEAF430B1A84CF3 /* Pods_ByteCore.framework */; };
		F39EA90A2AA9FE4A0054DC77 /* AppDelegate.swift in Sources */ = {isa = PBXBuildFile; fileRef = F39EA9092AA9FE4A0054DC77 /* AppDelegate.swift */; };
		F39EA90C2AA9FE4A0054DC77 /* SceneDelegate.swift in Sources */ = {isa = PBXBuildFile; fileRef = F39EA90B2AA9FE4A0054DC77 /* SceneDelegate.swift */; };
		F39EA90E2AA9FE4A0054DC77 /* ViewController.swift in Sources */ = {isa = PBXBuildFile; fileRef = F39EA90D2AA9FE4A0054DC77 /* ViewController.swift */; };
		F39EA9132AA9FE4B0054DC77 /* Assets.xcassets in Resources */ = {isa = PBXBuildFile; fileRef = F39EA9122AA9FE4B0054DC77 /* Assets.xcassets */; };
		F39EA9162AA9FE4B0054DC77 /* LaunchScreen.storyboard in Resources */ = {isa = PBXBuildFile; fileRef = F39EA9142AA9FE4B0054DC77 /* LaunchScreen.storyboard */; };
		F39EA9212AA9FE4B0054DC77 /* ByteCoreTests.swift in Sources */ = {isa = PBXBuildFile; fileRef = F39EA9202AA9FE4B0054DC77 /* ByteCoreTests.swift */; };
		F39EA92B2AA9FE4B0054DC77 /* ByteCoreUITests.swift in Sources */ = {isa = PBXBuildFile; fileRef = F39EA92A2AA9FE4B0054DC77 /* ByteCoreUITests.swift */; };
		F39EA92D2AA9FE4B0054DC77 /* ByteCoreUITestsLaunchTests.swift in Sources */ = {isa = PBXBuildFile; fileRef = F39EA92C2AA9FE4B0054DC77 /* ByteCoreUITestsLaunchTests.swift */; };
		F39EA93D2AA9FEB00054DC77 /* Int+Extension.swift in Sources */ = {isa = PBXBuildFile; fileRef = F39EA93C2AA9FEB00054DC77 /* Int+Extension.swift */; };
/* End PBXBuildFile section */

/* Begin PBXContainerItemProxy section */
		F39EA91D2AA9FE4B0054DC77 /* PBXContainerItemProxy */ = {
			isa = PBXContainerItemProxy;
			containerPortal = F39EA8FE2AA9FE4A0054DC77 /* Project object */;
			proxyType = 1;
			remoteGlobalIDString = F39EA9052AA9FE4A0054DC77;
			remoteInfo = ByteCore;
		};
		F39EA9272AA9FE4B0054DC77 /* PBXContainerItemProxy */ = {
			isa = PBXContainerItemProxy;
			containerPortal = F39EA8FE2AA9FE4A0054DC77 /* Project object */;
			proxyType = 1;
			remoteGlobalIDString = F39EA9052AA9FE4A0054DC77;
			remoteInfo = ByteCore;
		};
/* End PBXContainerItemProxy section */

/* Begin PBXFileReference section */
		0280AEA42AE58E1800DEAEAC /* LocalRMViewModel.swift */ = {isa = PBXFileReference; lastKnownFileType = sourcecode.swift; path = LocalRMViewModel.swift; sourceTree = "<group>"; };
		0280AEA62AE58E2E00DEAEAC /* LocalRMRepository.swift */ = {isa = PBXFileReference; lastKnownFileType = sourcecode.swift; path = LocalRMRepository.swift; sourceTree = "<group>"; };
		0280AEA82AE5915A00DEAEAC /* LocalRMCharacter.swift */ = {isa = PBXFileReference; lastKnownFileType = sourcecode.swift; path = LocalRMCharacter.swift; sourceTree = "<group>"; };
		02ADC2AD2AE239AC00F4F126 /* LocalStorage.swift */ = {isa = PBXFileReference; lastKnownFileType = sourcecode.swift; path = LocalStorage.swift; sourceTree = "<group>"; };
		02ADC2B02AE23B3B00F4F126 /* LocalError.swift */ = {isa = PBXFileReference; lastKnownFileType = sourcecode.swift; path = LocalError.swift; sourceTree = "<group>"; };
		092407AE86E32C220B8C1904 /* Pods-ByteCore.release.xcconfig */ = {isa = PBXFileReference; includeInIndex = 1; lastKnownFileType = text.xcconfig; name = "Pods-ByteCore.release.xcconfig"; path = "Target Support Files/Pods-ByteCore/Pods-ByteCore.release.xcconfig"; sourceTree = "<group>"; };
		2C65FBD0B515B71CB612861C /* Pods_ByteCore_ByteCoreUITests.framework */ = {isa = PBXFileReference; explicitFileType = wrapper.framework; includeInIndex = 0; path = Pods_ByteCore_ByteCoreUITests.framework; sourceTree = BUILT_PRODUCTS_DIR; };
		3D8437AB44A0F83861F37148 /* Pods-ByteCore-ByteCoreUITests.debug.xcconfig */ = {isa = PBXFileReference; includeInIndex = 1; lastKnownFileType = text.xcconfig; name = "Pods-ByteCore-ByteCoreUITests.debug.xcconfig"; path = "Target Support Files/Pods-ByteCore-ByteCoreUITests/Pods-ByteCore-ByteCoreUITests.debug.xcconfig"; sourceTree = "<group>"; };
		3E93EEA74E2148F81C174F0A /* Pods-ByteCoreTests.debug.xcconfig */ = {isa = PBXFileReference; includeInIndex = 1; lastKnownFileType = text.xcconfig; name = "Pods-ByteCoreTests.debug.xcconfig"; path = "Target Support Files/Pods-ByteCoreTests/Pods-ByteCoreTests.debug.xcconfig"; sourceTree = "<group>"; };
		85185A652AB9A1B2004EE634 /* BaseViewModel.swift */ = {isa = PBXFileReference; fileEncoding = 4; lastKnownFileType = sourcecode.swift; path = BaseViewModel.swift; sourceTree = "<group>"; };
		85185A672AB9A1B3004EE634 /* BCViewController.swift */ = {isa = PBXFileReference; fileEncoding = 4; lastKnownFileType = sourcecode.swift; path = BCViewController.swift; sourceTree = "<group>"; };
		85185A6A2AB9A1B3004EE634 /* NetworkService.swift */ = {isa = PBXFileReference; fileEncoding = 4; lastKnownFileType = sourcecode.swift; path = NetworkService.swift; sourceTree = "<group>"; };
		85185A6C2AB9A1B3004EE634 /* ServerError.swift */ = {isa = PBXFileReference; fileEncoding = 4; lastKnownFileType = sourcecode.swift; path = ServerError.swift; sourceTree = "<group>"; };
		85185A6D2AB9A1B3004EE634 /* NetworkError.swift */ = {isa = PBXFileReference; fileEncoding = 4; lastKnownFileType = sourcecode.swift; path = NetworkError.swift; sourceTree = "<group>"; };
		85185A6F2AB9A1B3004EE634 /* State.swift */ = {isa = PBXFileReference; fileEncoding = 4; lastKnownFileType = sourcecode.swift; path = State.swift; sourceTree = "<group>"; };
		85185A702AB9A1B3004EE634 /* AnyState+Wrapper.swift */ = {isa = PBXFileReference; fileEncoding = 4; lastKnownFileType = sourcecode.swift; path = "AnyState+Wrapper.swift"; sourceTree = "<group>"; };
		85185A842AB9A2EA004EE634 /* BaseUI.swift */ = {isa = PBXFileReference; lastKnownFileType = sourcecode.swift; path = BaseUI.swift; sourceTree = "<group>"; };
		85185A8A2AB9A481004EE634 /* RMViewController.swift */ = {isa = PBXFileReference; lastKnownFileType = sourcecode.swift; path = RMViewController.swift; sourceTree = "<group>"; };
		85185A8D2AB9A4F6004EE634 /* RMAPI.swift */ = {isa = PBXFileReference; lastKnownFileType = sourcecode.swift; path = RMAPI.swift; sourceTree = "<group>"; };
		85185A8F2AB9A51E004EE634 /* RMCharacter.swift */ = {isa = PBXFileReference; lastKnownFileType = sourcecode.swift; path = RMCharacter.swift; sourceTree = "<group>"; };
		85185A912AB9A52F004EE634 /* RMViewModel.swift */ = {isa = PBXFileReference; lastKnownFileType = sourcecode.swift; path = RMViewModel.swift; sourceTree = "<group>"; };
		85185A932AB9A734004EE634 /* RMPaginatedResponse.swift */ = {isa = PBXFileReference; lastKnownFileType = sourcecode.swift; path = RMPaginatedResponse.swift; sourceTree = "<group>"; };
		85185A952AB9AA7A004EE634 /* ByteCore.podspec */ = {isa = PBXFileReference; fileEncoding = 4; lastKnownFileType = text; path = ByteCore.podspec; sourceTree = "<group>"; };
		85185A962AB9AA7A004EE634 /* Podfile */ = {isa = PBXFileReference; fileEncoding = 4; lastKnownFileType = text; path = Podfile; sourceTree = "<group>"; };
		85185A992AB9AB63004EE634 /* RMRepository.swift */ = {isa = PBXFileReference; lastKnownFileType = sourcecode.swift; path = RMRepository.swift; sourceTree = "<group>"; };
		987F6DC5D47EB8BA2BE5E23C /* Pods-ByteCoreTests.release.xcconfig */ = {isa = PBXFileReference; includeInIndex = 1; lastKnownFileType = text.xcconfig; name = "Pods-ByteCoreTests.release.xcconfig"; path = "Target Support Files/Pods-ByteCoreTests/Pods-ByteCoreTests.release.xcconfig"; sourceTree = "<group>"; };
		CDF9B0DD564554C73C62A2CC /* Pods_ByteCoreTests.framework */ = {isa = PBXFileReference; explicitFileType = wrapper.framework; includeInIndex = 0; path = Pods_ByteCoreTests.framework; sourceTree = BUILT_PRODUCTS_DIR; };
		D6A4CEA92D17D828E2E38CD8 /* Pods-ByteCore.debug.xcconfig */ = {isa = PBXFileReference; includeInIndex = 1; lastKnownFileType = text.xcconfig; name = "Pods-ByteCore.debug.xcconfig"; path = "Target Support Files/Pods-ByteCore/Pods-ByteCore.debug.xcconfig"; sourceTree = "<group>"; };
		E39EEE7D9FEAF430B1A84CF3 /* Pods_ByteCore.framework */ = {isa = PBXFileReference; explicitFileType = wrapper.framework; includeInIndex = 0; path = Pods_ByteCore.framework; sourceTree = BUILT_PRODUCTS_DIR; };
		E9039E3B0A96CF489C361A5A /* Pods-ByteCore-ByteCoreUITests.release.xcconfig */ = {isa = PBXFileReference; includeInIndex = 1; lastKnownFileType = text.xcconfig; name = "Pods-ByteCore-ByteCoreUITests.release.xcconfig"; path = "Target Support Files/Pods-ByteCore-ByteCoreUITests/Pods-ByteCore-ByteCoreUITests.release.xcconfig"; sourceTree = "<group>"; };
		F39EA9062AA9FE4A0054DC77 /* ByteCore.app */ = {isa = PBXFileReference; explicitFileType = wrapper.application; includeInIndex = 0; path = ByteCore.app; sourceTree = BUILT_PRODUCTS_DIR; };
		F39EA9092AA9FE4A0054DC77 /* AppDelegate.swift */ = {isa = PBXFileReference; lastKnownFileType = sourcecode.swift; path = AppDelegate.swift; sourceTree = "<group>"; };
		F39EA90B2AA9FE4A0054DC77 /* SceneDelegate.swift */ = {isa = PBXFileReference; lastKnownFileType = sourcecode.swift; path = SceneDelegate.swift; sourceTree = "<group>"; };
		F39EA90D2AA9FE4A0054DC77 /* ViewController.swift */ = {isa = PBXFileReference; lastKnownFileType = sourcecode.swift; path = ViewController.swift; sourceTree = "<group>"; };
		F39EA9122AA9FE4B0054DC77 /* Assets.xcassets */ = {isa = PBXFileReference; lastKnownFileType = folder.assetcatalog; path = Assets.xcassets; sourceTree = "<group>"; };
		F39EA9152AA9FE4B0054DC77 /* Base */ = {isa = PBXFileReference; lastKnownFileType = file.storyboard; name = Base; path = Base.lproj/LaunchScreen.storyboard; sourceTree = "<group>"; };
		F39EA9172AA9FE4B0054DC77 /* Info.plist */ = {isa = PBXFileReference; lastKnownFileType = text.plist.xml; path = Info.plist; sourceTree = "<group>"; };
		F39EA91C2AA9FE4B0054DC77 /* ByteCoreTests.xctest */ = {isa = PBXFileReference; explicitFileType = wrapper.cfbundle; includeInIndex = 0; path = ByteCoreTests.xctest; sourceTree = BUILT_PRODUCTS_DIR; };
		F39EA9202AA9FE4B0054DC77 /* ByteCoreTests.swift */ = {isa = PBXFileReference; lastKnownFileType = sourcecode.swift; path = ByteCoreTests.swift; sourceTree = "<group>"; };
		F39EA9262AA9FE4B0054DC77 /* ByteCoreUITests.xctest */ = {isa = PBXFileReference; explicitFileType = wrapper.cfbundle; includeInIndex = 0; path = ByteCoreUITests.xctest; sourceTree = BUILT_PRODUCTS_DIR; };
		F39EA92A2AA9FE4B0054DC77 /* ByteCoreUITests.swift */ = {isa = PBXFileReference; lastKnownFileType = sourcecode.swift; path = ByteCoreUITests.swift; sourceTree = "<group>"; };
		F39EA92C2AA9FE4B0054DC77 /* ByteCoreUITestsLaunchTests.swift */ = {isa = PBXFileReference; lastKnownFileType = sourcecode.swift; path = ByteCoreUITestsLaunchTests.swift; sourceTree = "<group>"; };
		F39EA93C2AA9FEB00054DC77 /* Int+Extension.swift */ = {isa = PBXFileReference; lastKnownFileType = sourcecode.swift; path = "Int+Extension.swift"; sourceTree = "<group>"; };
/* End PBXFileReference section */

/* Begin PBXFrameworksBuildPhase section */
		F39EA9032AA9FE4A0054DC77 /* Frameworks */ = {
			isa = PBXFrameworksBuildPhase;
			buildActionMask = 2147483647;
			files = (
				EB9B701683A22533DBF5F7B1 /* Pods_ByteCore.framework in Frameworks */,
			);
			runOnlyForDeploymentPostprocessing = 0;
		};
		F39EA9192AA9FE4B0054DC77 /* Frameworks */ = {
			isa = PBXFrameworksBuildPhase;
			buildActionMask = 2147483647;
			files = (
				0136F351F209CE18527BE8C9 /* Pods_ByteCoreTests.framework in Frameworks */,
			);
			runOnlyForDeploymentPostprocessing = 0;
		};
		F39EA9232AA9FE4B0054DC77 /* Frameworks */ = {
			isa = PBXFrameworksBuildPhase;
			buildActionMask = 2147483647;
			files = (
				CB90CA29AEA2D9E90A94129C /* Pods_ByteCore_ByteCoreUITests.framework in Frameworks */,
			);
			runOnlyForDeploymentPostprocessing = 0;
		};
/* End PBXFrameworksBuildPhase section */

/* Begin PBXGroup section */
		0280AEA32AE58BC600DEAEAC /* LocalRickAndMorty */ = {
			isa = PBXGroup;
			children = (
				0280AEA42AE58E1800DEAEAC /* LocalRMViewModel.swift */,
				0280AEA62AE58E2E00DEAEAC /* LocalRMRepository.swift */,
				0280AEA82AE5915A00DEAEAC /* LocalRMCharacter.swift */,
			);
			path = LocalRickAndMorty;
			sourceTree = "<group>";
		};
		02ADC2AB2AE238EE00F4F126 /* LocalService */ = {
			isa = PBXGroup;
			children = (
				02ADC2AC2AE2399A00F4F126 /* LocalStorage */,
				02ADC2AF2AE23AC100F4F126 /* Error */,
			);
			path = LocalService;
			sourceTree = "<group>";
		};
		02ADC2AC2AE2399A00F4F126 /* LocalStorage */ = {
			isa = PBXGroup;
			children = (
				02ADC2AD2AE239AC00F4F126 /* LocalStorage.swift */,
			);
			path = LocalStorage;
			sourceTree = "<group>";
		};
		02ADC2AF2AE23AC100F4F126 /* Error */ = {
			isa = PBXGroup;
			children = (
				02ADC2B02AE23B3B00F4F126 /* LocalError.swift */,
			);
			path = Error;
			sourceTree = "<group>";
		};
		3268F28F4030D07926BCE5E5 /* Frameworks */ = {
			isa = PBXGroup;
			children = (
				E39EEE7D9FEAF430B1A84CF3 /* Pods_ByteCore.framework */,
				2C65FBD0B515B71CB612861C /* Pods_ByteCore_ByteCoreUITests.framework */,
				CDF9B0DD564554C73C62A2CC /* Pods_ByteCoreTests.framework */,
			);
			name = Frameworks;
			sourceTree = "<group>";
		};
		6426A04441CD0BD651AB0874 /* Pods */ = {
			isa = PBXGroup;
			children = (
				D6A4CEA92D17D828E2E38CD8 /* Pods-ByteCore.debug.xcconfig */,
				092407AE86E32C220B8C1904 /* Pods-ByteCore.release.xcconfig */,
				3D8437AB44A0F83861F37148 /* Pods-ByteCore-ByteCoreUITests.debug.xcconfig */,
				E9039E3B0A96CF489C361A5A /* Pods-ByteCore-ByteCoreUITests.release.xcconfig */,
				3E93EEA74E2148F81C174F0A /* Pods-ByteCoreTests.debug.xcconfig */,
				987F6DC5D47EB8BA2BE5E23C /* Pods-ByteCoreTests.release.xcconfig */,
			);
			path = Pods;
			sourceTree = "<group>";
		};
		85185A632AB9A18C004EE634 /* Sources */ = {
			isa = PBXGroup;
			children = (
				02ADC2AB2AE238EE00F4F126 /* LocalService */,
				F39EA9392AA9FE550054DC77 /* Extensions */,
				85185A682AB9A1B3004EE634 /* Network */,
				85185A642AB9A1B2004EE634 /* Protocols */,
				85185A6E2AB9A1B3004EE634 /* StateManagement */,
				85185A662AB9A1B3004EE634 /* UI */,
			);
			path = Sources;
			sourceTree = "<group>";
		};
		85185A642AB9A1B2004EE634 /* Protocols */ = {
			isa = PBXGroup;
			children = (
				85185A842AB9A2EA004EE634 /* BaseUI.swift */,
				85185A652AB9A1B2004EE634 /* BaseViewModel.swift */,
			);
			path = Protocols;
			sourceTree = "<group>";
		};
		85185A662AB9A1B3004EE634 /* UI */ = {
			isa = PBXGroup;
			children = (
				85185A672AB9A1B3004EE634 /* BCViewController.swift */,
			);
			path = UI;
			sourceTree = "<group>";
		};
		85185A682AB9A1B3004EE634 /* Network */ = {
			isa = PBXGroup;
			children = (
				85185A692AB9A1B3004EE634 /* Service */,
				85185A6B2AB9A1B3004EE634 /* Error */,
			);
			path = Network;
			sourceTree = "<group>";
		};
		85185A692AB9A1B3004EE634 /* Service */ = {
			isa = PBXGroup;
			children = (
				85185A6A2AB9A1B3004EE634 /* NetworkService.swift */,
			);
			path = Service;
			sourceTree = "<group>";
		};
		85185A6B2AB9A1B3004EE634 /* Error */ = {
			isa = PBXGroup;
			children = (
				85185A6C2AB9A1B3004EE634 /* ServerError.swift */,
				85185A6D2AB9A1B3004EE634 /* NetworkError.swift */,
			);
			path = Error;
			sourceTree = "<group>";
		};
		85185A6E2AB9A1B3004EE634 /* StateManagement */ = {
			isa = PBXGroup;
			children = (
				85185A6F2AB9A1B3004EE634 /* State.swift */,
				85185A702AB9A1B3004EE634 /* AnyState+Wrapper.swift */,
			);
			path = StateManagement;
			sourceTree = "<group>";
		};
		85185A882AB9A430004EE634 /* Example */ = {
			isa = PBXGroup;
			children = (
				F39EA90D2AA9FE4A0054DC77 /* ViewController.swift */,
				85185A8C2AB9A4CF004EE634 /* RickAndMorty */,
				0280AEA32AE58BC600DEAEAC /* LocalRickAndMorty */,
			);
			path = Example;
			sourceTree = "<group>";
		};
		85185A892AB9A44D004EE634 /* Resources */ = {
			isa = PBXGroup;
			children = (
				F39EA9122AA9FE4B0054DC77 /* Assets.xcassets */,
				F39EA9172AA9FE4B0054DC77 /* Info.plist */,
			);
			path = Resources;
			sourceTree = "<group>";
		};
		85185A8C2AB9A4CF004EE634 /* RickAndMorty */ = {
			isa = PBXGroup;
			children = (
				85185A8A2AB9A481004EE634 /* RMViewController.swift */,
				85185A912AB9A52F004EE634 /* RMViewModel.swift */,
				85185A992AB9AB63004EE634 /* RMRepository.swift */,
				85185A8D2AB9A4F6004EE634 /* RMAPI.swift */,
				85185A8F2AB9A51E004EE634 /* RMCharacter.swift */,
				85185A932AB9A734004EE634 /* RMPaginatedResponse.swift */,
			);
			path = RickAndMorty;
			sourceTree = "<group>";
		};
		F39EA8FD2AA9FE4A0054DC77 = {
			isa = PBXGroup;
			children = (
				85185A952AB9AA7A004EE634 /* ByteCore.podspec */,
				85185A962AB9AA7A004EE634 /* Podfile */,
				F39EA9082AA9FE4A0054DC77 /* ByteCore */,
				F39EA91F2AA9FE4B0054DC77 /* ByteCoreTests */,
				F39EA9292AA9FE4B0054DC77 /* ByteCoreUITests */,
				F39EA9072AA9FE4A0054DC77 /* Products */,
				6426A04441CD0BD651AB0874 /* Pods */,
				3268F28F4030D07926BCE5E5 /* Frameworks */,
			);
			sourceTree = "<group>";
		};
		F39EA9072AA9FE4A0054DC77 /* Products */ = {
			isa = PBXGroup;
			children = (
				F39EA9062AA9FE4A0054DC77 /* ByteCore.app */,
				F39EA91C2AA9FE4B0054DC77 /* ByteCoreTests.xctest */,
				F39EA9262AA9FE4B0054DC77 /* ByteCoreUITests.xctest */,
			);
			name = Products;
			sourceTree = "<group>";
		};
		F39EA9082AA9FE4A0054DC77 /* ByteCore */ = {
			isa = PBXGroup;
			children = (
				F39EA9092AA9FE4A0054DC77 /* AppDelegate.swift */,
				F39EA90B2AA9FE4A0054DC77 /* SceneDelegate.swift */,
				F39EA9142AA9FE4B0054DC77 /* LaunchScreen.storyboard */,
				85185A882AB9A430004EE634 /* Example */,
				85185A892AB9A44D004EE634 /* Resources */,
				85185A632AB9A18C004EE634 /* Sources */,
			);
			path = ByteCore;
			sourceTree = "<group>";
		};
		F39EA91F2AA9FE4B0054DC77 /* ByteCoreTests */ = {
			isa = PBXGroup;
			children = (
				F39EA9202AA9FE4B0054DC77 /* ByteCoreTests.swift */,
			);
			path = ByteCoreTests;
			sourceTree = "<group>";
		};
		F39EA9292AA9FE4B0054DC77 /* ByteCoreUITests */ = {
			isa = PBXGroup;
			children = (
				F39EA92A2AA9FE4B0054DC77 /* ByteCoreUITests.swift */,
				F39EA92C2AA9FE4B0054DC77 /* ByteCoreUITestsLaunchTests.swift */,
			);
			path = ByteCoreUITests;
			sourceTree = "<group>";
		};
		F39EA9392AA9FE550054DC77 /* Extensions */ = {
			isa = PBXGroup;
			children = (
				F39EA93C2AA9FEB00054DC77 /* Int+Extension.swift */,
			);
			path = Extensions;
			sourceTree = "<group>";
		};
/* End PBXGroup section */

/* Begin PBXNativeTarget section */
		F39EA9052AA9FE4A0054DC77 /* ByteCore */ = {
			isa = PBXNativeTarget;
			buildConfigurationList = F39EA9302AA9FE4B0054DC77 /* Build configuration list for PBXNativeTarget "ByteCore" */;
			buildPhases = (
				B9B2067B8A3066576FAAE21D /* [CP] Check Pods Manifest.lock */,
				F39EA9022AA9FE4A0054DC77 /* Sources */,
				F39EA9032AA9FE4A0054DC77 /* Frameworks */,
				F39EA9042AA9FE4A0054DC77 /* Resources */,
				C2539ECE1B5F7B736F301519 /* [CP] Embed Pods Frameworks */,
			);
			buildRules = (
			);
			dependencies = (
			);
			name = ByteCore;
			productName = ByteCore;
			productReference = F39EA9062AA9FE4A0054DC77 /* ByteCore.app */;
			productType = "com.apple.product-type.application";
		};
		F39EA91B2AA9FE4B0054DC77 /* ByteCoreTests */ = {
			isa = PBXNativeTarget;
			buildConfigurationList = F39EA9332AA9FE4B0054DC77 /* Build configuration list for PBXNativeTarget "ByteCoreTests" */;
			buildPhases = (
				FF3C957EA6E220C81BE9A474 /* [CP] Check Pods Manifest.lock */,
				F39EA9182AA9FE4B0054DC77 /* Sources */,
				F39EA9192AA9FE4B0054DC77 /* Frameworks */,
				F39EA91A2AA9FE4B0054DC77 /* Resources */,
			);
			buildRules = (
			);
			dependencies = (
				F39EA91E2AA9FE4B0054DC77 /* PBXTargetDependency */,
			);
			name = ByteCoreTests;
			productName = ByteCoreTests;
			productReference = F39EA91C2AA9FE4B0054DC77 /* ByteCoreTests.xctest */;
			productType = "com.apple.product-type.bundle.unit-test";
		};
		F39EA9252AA9FE4B0054DC77 /* ByteCoreUITests */ = {
			isa = PBXNativeTarget;
			buildConfigurationList = F39EA9362AA9FE4B0054DC77 /* Build configuration list for PBXNativeTarget "ByteCoreUITests" */;
			buildPhases = (
				CDB4EBA02DB64BED806D516A /* [CP] Check Pods Manifest.lock */,
				F39EA9222AA9FE4B0054DC77 /* Sources */,
				F39EA9232AA9FE4B0054DC77 /* Frameworks */,
				F39EA9242AA9FE4B0054DC77 /* Resources */,
				61E06F92C79E02E33FC7CE78 /* [CP] Embed Pods Frameworks */,
			);
			buildRules = (
			);
			dependencies = (
				F39EA9282AA9FE4B0054DC77 /* PBXTargetDependency */,
			);
			name = ByteCoreUITests;
			productName = ByteCoreUITests;
			productReference = F39EA9262AA9FE4B0054DC77 /* ByteCoreUITests.xctest */;
			productType = "com.apple.product-type.bundle.ui-testing";
		};
/* End PBXNativeTarget section */

/* Begin PBXProject section */
		F39EA8FE2AA9FE4A0054DC77 /* Project object */ = {
			isa = PBXProject;
			attributes = {
				BuildIndependentTargetsInParallel = 1;
				LastSwiftUpdateCheck = 1430;
				LastUpgradeCheck = 1430;
				ORGANIZATIONNAME = NightByteStudio;
				TargetAttributes = {
					F39EA9052AA9FE4A0054DC77 = {
						CreatedOnToolsVersion = 14.3.1;
						LastSwiftMigration = 1430;
					};
					F39EA91B2AA9FE4B0054DC77 = {
						CreatedOnToolsVersion = 14.3.1;
						TestTargetID = F39EA9052AA9FE4A0054DC77;
					};
					F39EA9252AA9FE4B0054DC77 = {
						CreatedOnToolsVersion = 14.3.1;
						TestTargetID = F39EA9052AA9FE4A0054DC77;
					};
				};
			};
			buildConfigurationList = F39EA9012AA9FE4A0054DC77 /* Build configuration list for PBXProject "ByteCore" */;
			compatibilityVersion = "Xcode 14.0";
			developmentRegion = en;
			hasScannedForEncodings = 0;
			knownRegions = (
				en,
				Base,
			);
			mainGroup = F39EA8FD2AA9FE4A0054DC77;
			productRefGroup = F39EA9072AA9FE4A0054DC77 /* Products */;
			projectDirPath = "";
			projectRoot = "";
			targets = (
				F39EA9052AA9FE4A0054DC77 /* ByteCore */,
				F39EA91B2AA9FE4B0054DC77 /* ByteCoreTests */,
				F39EA9252AA9FE4B0054DC77 /* ByteCoreUITests */,
			);
		};
/* End PBXProject section */

/* Begin PBXResourcesBuildPhase section */
		F39EA9042AA9FE4A0054DC77 /* Resources */ = {
			isa = PBXResourcesBuildPhase;
			buildActionMask = 2147483647;
			files = (
				85185A972AB9AA7A004EE634 /* ByteCore.podspec in Resources */,
				F39EA9162AA9FE4B0054DC77 /* LaunchScreen.storyboard in Resources */,
				85185A982AB9AA7A004EE634 /* Podfile in Resources */,
				F39EA9132AA9FE4B0054DC77 /* Assets.xcassets in Resources */,
			);
			runOnlyForDeploymentPostprocessing = 0;
		};
		F39EA91A2AA9FE4B0054DC77 /* Resources */ = {
			isa = PBXResourcesBuildPhase;
			buildActionMask = 2147483647;
			files = (
			);
			runOnlyForDeploymentPostprocessing = 0;
		};
		F39EA9242AA9FE4B0054DC77 /* Resources */ = {
			isa = PBXResourcesBuildPhase;
			buildActionMask = 2147483647;
			files = (
			);
			runOnlyForDeploymentPostprocessing = 0;
		};
/* End PBXResourcesBuildPhase section */

/* Begin PBXShellScriptBuildPhase section */
		61E06F92C79E02E33FC7CE78 /* [CP] Embed Pods Frameworks */ = {
			isa = PBXShellScriptBuildPhase;
			buildActionMask = 2147483647;
			files = (
			);
			inputFileListPaths = (
				"${PODS_ROOT}/Target Support Files/Pods-ByteCore-ByteCoreUITests/Pods-ByteCore-ByteCoreUITests-frameworks-${CONFIGURATION}-input-files.xcfilelist",
			);
			name = "[CP] Embed Pods Frameworks";
			outputFileListPaths = (
				"${PODS_ROOT}/Target Support Files/Pods-ByteCore-ByteCoreUITests/Pods-ByteCore-ByteCoreUITests-frameworks-${CONFIGURATION}-output-files.xcfilelist",
			);
			runOnlyForDeploymentPostprocessing = 0;
			shellPath = /bin/sh;
			shellScript = "\"${PODS_ROOT}/Target Support Files/Pods-ByteCore-ByteCoreUITests/Pods-ByteCore-ByteCoreUITests-frameworks.sh\"\n";
			showEnvVarsInLog = 0;
		};
		B9B2067B8A3066576FAAE21D /* [CP] Check Pods Manifest.lock */ = {
			isa = PBXShellScriptBuildPhase;
			buildActionMask = 2147483647;
			files = (
			);
			inputFileListPaths = (
			);
			inputPaths = (
				"${PODS_PODFILE_DIR_PATH}/Podfile.lock",
				"${PODS_ROOT}/Manifest.lock",
			);
			name = "[CP] Check Pods Manifest.lock";
			outputFileListPaths = (
			);
			outputPaths = (
				"$(DERIVED_FILE_DIR)/Pods-ByteCore-checkManifestLockResult.txt",
			);
			runOnlyForDeploymentPostprocessing = 0;
			shellPath = /bin/sh;
			shellScript = "diff \"${PODS_PODFILE_DIR_PATH}/Podfile.lock\" \"${PODS_ROOT}/Manifest.lock\" > /dev/null\nif [ $? != 0 ] ; then\n    # print error to STDERR\n    echo \"error: The sandbox is not in sync with the Podfile.lock. Run 'pod install' or update your CocoaPods installation.\" >&2\n    exit 1\nfi\n# This output is used by Xcode 'outputs' to avoid re-running this script phase.\necho \"SUCCESS\" > \"${SCRIPT_OUTPUT_FILE_0}\"\n";
			showEnvVarsInLog = 0;
		};
		C2539ECE1B5F7B736F301519 /* [CP] Embed Pods Frameworks */ = {
			isa = PBXShellScriptBuildPhase;
			buildActionMask = 2147483647;
			files = (
			);
			inputFileListPaths = (
				"${PODS_ROOT}/Target Support Files/Pods-ByteCore/Pods-ByteCore-frameworks-${CONFIGURATION}-input-files.xcfilelist",
			);
			name = "[CP] Embed Pods Frameworks";
			outputFileListPaths = (
				"${PODS_ROOT}/Target Support Files/Pods-ByteCore/Pods-ByteCore-frameworks-${CONFIGURATION}-output-files.xcfilelist",
			);
			runOnlyForDeploymentPostprocessing = 0;
			shellPath = /bin/sh;
			shellScript = "\"${PODS_ROOT}/Target Support Files/Pods-ByteCore/Pods-ByteCore-frameworks.sh\"\n";
			showEnvVarsInLog = 0;
		};
		CDB4EBA02DB64BED806D516A /* [CP] Check Pods Manifest.lock */ = {
			isa = PBXShellScriptBuildPhase;
			buildActionMask = 2147483647;
			files = (
			);
			inputFileListPaths = (
			);
			inputPaths = (
				"${PODS_PODFILE_DIR_PATH}/Podfile.lock",
				"${PODS_ROOT}/Manifest.lock",
			);
			name = "[CP] Check Pods Manifest.lock";
			outputFileListPaths = (
			);
			outputPaths = (
				"$(DERIVED_FILE_DIR)/Pods-ByteCore-ByteCoreUITests-checkManifestLockResult.txt",
			);
			runOnlyForDeploymentPostprocessing = 0;
			shellPath = /bin/sh;
			shellScript = "diff \"${PODS_PODFILE_DIR_PATH}/Podfile.lock\" \"${PODS_ROOT}/Manifest.lock\" > /dev/null\nif [ $? != 0 ] ; then\n    # print error to STDERR\n    echo \"error: The sandbox is not in sync with the Podfile.lock. Run 'pod install' or update your CocoaPods installation.\" >&2\n    exit 1\nfi\n# This output is used by Xcode 'outputs' to avoid re-running this script phase.\necho \"SUCCESS\" > \"${SCRIPT_OUTPUT_FILE_0}\"\n";
			showEnvVarsInLog = 0;
		};
		FF3C957EA6E220C81BE9A474 /* [CP] Check Pods Manifest.lock */ = {
			isa = PBXShellScriptBuildPhase;
			buildActionMask = 2147483647;
			files = (
			);
			inputFileListPaths = (
			);
			inputPaths = (
				"${PODS_PODFILE_DIR_PATH}/Podfile.lock",
				"${PODS_ROOT}/Manifest.lock",
			);
			name = "[CP] Check Pods Manifest.lock";
			outputFileListPaths = (
			);
			outputPaths = (
				"$(DERIVED_FILE_DIR)/Pods-ByteCoreTests-checkManifestLockResult.txt",
			);
			runOnlyForDeploymentPostprocessing = 0;
			shellPath = /bin/sh;
			shellScript = "diff \"${PODS_PODFILE_DIR_PATH}/Podfile.lock\" \"${PODS_ROOT}/Manifest.lock\" > /dev/null\nif [ $? != 0 ] ; then\n    # print error to STDERR\n    echo \"error: The sandbox is not in sync with the Podfile.lock. Run 'pod install' or update your CocoaPods installation.\" >&2\n    exit 1\nfi\n# This output is used by Xcode 'outputs' to avoid re-running this script phase.\necho \"SUCCESS\" > \"${SCRIPT_OUTPUT_FILE_0}\"\n";
			showEnvVarsInLog = 0;
		};
/* End PBXShellScriptBuildPhase section */

/* Begin PBXSourcesBuildPhase section */
		F39EA9022AA9FE4A0054DC77 /* Sources */ = {
			isa = PBXSourcesBuildPhase;
			buildActionMask = 2147483647;
			files = (
				0280AEA72AE58E2E00DEAEAC /* LocalRMRepository.swift in Sources */,
				F39EA93D2AA9FEB00054DC77 /* Int+Extension.swift in Sources */,
				85185A852AB9A2EA004EE634 /* BaseUI.swift in Sources */,
				85185A722AB9A1B3004EE634 /* BCViewController.swift in Sources */,
				02ADC2AE2AE239AC00F4F126 /* LocalStorage.swift in Sources */,
				85185A772AB9A1B3004EE634 /* AnyState+Wrapper.swift in Sources */,
				85185A712AB9A1B3004EE634 /* BaseViewModel.swift in Sources */,
				85185A762AB9A1B3004EE634 /* State.swift in Sources */,
				F39EA90E2AA9FE4A0054DC77 /* ViewController.swift in Sources */,
				0280AEA52AE58E1800DEAEAC /* LocalRMViewModel.swift in Sources */,
				02ADC2B12AE23B3B00F4F126 /* LocalError.swift in Sources */,
				85185A922AB9A52F004EE634 /* RMViewModel.swift in Sources */,
				F39EA90A2AA9FE4A0054DC77 /* AppDelegate.swift in Sources */,
				0280AEA92AE5915A00DEAEAC /* LocalRMCharacter.swift in Sources */,
				85185A742AB9A1B3004EE634 /* ServerError.swift in Sources */,
				85185A942AB9A734004EE634 /* RMPaginatedResponse.swift in Sources */,
				85185A902AB9A51E004EE634 /* RMCharacter.swift in Sources */,
				85185A8B2AB9A481004EE634 /* RMViewController.swift in Sources */,
				85185A752AB9A1B3004EE634 /* NetworkError.swift in Sources */,
				85185A8E2AB9A4F6004EE634 /* RMAPI.swift in Sources */,
				F39EA90C2AA9FE4A0054DC77 /* SceneDelegate.swift in Sources */,
				85185A9A2AB9AB63004EE634 /* RMRepository.swift in Sources */,
				85185A732AB9A1B3004EE634 /* NetworkService.swift in Sources */,
			);
			runOnlyForDeploymentPostprocessing = 0;
		};
		F39EA9182AA9FE4B0054DC77 /* Sources */ = {
			isa = PBXSourcesBuildPhase;
			buildActionMask = 2147483647;
			files = (
				F39EA9212AA9FE4B0054DC77 /* ByteCoreTests.swift in Sources */,
			);
			runOnlyForDeploymentPostprocessing = 0;
		};
		F39EA9222AA9FE4B0054DC77 /* Sources */ = {
			isa = PBXSourcesBuildPhase;
			buildActionMask = 2147483647;
			files = (
				F39EA92D2AA9FE4B0054DC77 /* ByteCoreUITestsLaunchTests.swift in Sources */,
				F39EA92B2AA9FE4B0054DC77 /* ByteCoreUITests.swift in Sources */,
			);
			runOnlyForDeploymentPostprocessing = 0;
		};
/* End PBXSourcesBuildPhase section */

/* Begin PBXTargetDependency section */
		F39EA91E2AA9FE4B0054DC77 /* PBXTargetDependency */ = {
			isa = PBXTargetDependency;
			target = F39EA9052AA9FE4A0054DC77 /* ByteCore */;
			targetProxy = F39EA91D2AA9FE4B0054DC77 /* PBXContainerItemProxy */;
		};
		F39EA9282AA9FE4B0054DC77 /* PBXTargetDependency */ = {
			isa = PBXTargetDependency;
			target = F39EA9052AA9FE4A0054DC77 /* ByteCore */;
			targetProxy = F39EA9272AA9FE4B0054DC77 /* PBXContainerItemProxy */;
		};
/* End PBXTargetDependency section */

/* Begin PBXVariantGroup section */
		F39EA9142AA9FE4B0054DC77 /* LaunchScreen.storyboard */ = {
			isa = PBXVariantGroup;
			children = (
				F39EA9152AA9FE4B0054DC77 /* Base */,
			);
			name = LaunchScreen.storyboard;
			sourceTree = "<group>";
		};
/* End PBXVariantGroup section */

/* Begin XCBuildConfiguration section */
		F39EA92E2AA9FE4B0054DC77 /* Debug */ = {
			isa = XCBuildConfiguration;
			buildSettings = {
				ALWAYS_SEARCH_USER_PATHS = NO;
				CLANG_ANALYZER_NONNULL = YES;
				CLANG_ANALYZER_NUMBER_OBJECT_CONVERSION = YES_AGGRESSIVE;
				CLANG_CXX_LANGUAGE_STANDARD = "gnu++20";
				CLANG_ENABLE_MODULES = YES;
				CLANG_ENABLE_OBJC_ARC = YES;
				CLANG_ENABLE_OBJC_WEAK = YES;
				CLANG_WARN_BLOCK_CAPTURE_AUTORELEASING = YES;
				CLANG_WARN_BOOL_CONVERSION = YES;
				CLANG_WARN_COMMA = YES;
				CLANG_WARN_CONSTANT_CONVERSION = YES;
				CLANG_WARN_DEPRECATED_OBJC_IMPLEMENTATIONS = YES;
				CLANG_WARN_DIRECT_OBJC_ISA_USAGE = YES_ERROR;
				CLANG_WARN_DOCUMENTATION_COMMENTS = YES;
				CLANG_WARN_EMPTY_BODY = YES;
				CLANG_WARN_ENUM_CONVERSION = YES;
				CLANG_WARN_INFINITE_RECURSION = YES;
				CLANG_WARN_INT_CONVERSION = YES;
				CLANG_WARN_NON_LITERAL_NULL_CONVERSION = YES;
				CLANG_WARN_OBJC_IMPLICIT_RETAIN_SELF = YES;
				CLANG_WARN_OBJC_LITERAL_CONVERSION = YES;
				CLANG_WARN_OBJC_ROOT_CLASS = YES_ERROR;
				CLANG_WARN_QUOTED_INCLUDE_IN_FRAMEWORK_HEADER = YES;
				CLANG_WARN_RANGE_LOOP_ANALYSIS = YES;
				CLANG_WARN_STRICT_PROTOTYPES = YES;
				CLANG_WARN_SUSPICIOUS_MOVE = YES;
				CLANG_WARN_UNGUARDED_AVAILABILITY = YES_AGGRESSIVE;
				CLANG_WARN_UNREACHABLE_CODE = YES;
				CLANG_WARN__DUPLICATE_METHOD_MATCH = YES;
				COPY_PHASE_STRIP = NO;
				DEBUG_INFORMATION_FORMAT = dwarf;
				ENABLE_STRICT_OBJC_MSGSEND = YES;
				ENABLE_TESTABILITY = YES;
				GCC_C_LANGUAGE_STANDARD = gnu11;
				GCC_DYNAMIC_NO_PIC = NO;
				GCC_NO_COMMON_BLOCKS = YES;
				GCC_OPTIMIZATION_LEVEL = 0;
				GCC_PREPROCESSOR_DEFINITIONS = (
					"DEBUG=1",
					"$(inherited)",
				);
				GCC_WARN_64_TO_32_BIT_CONVERSION = YES;
				GCC_WARN_ABOUT_RETURN_TYPE = YES_ERROR;
				GCC_WARN_UNDECLARED_SELECTOR = YES;
				GCC_WARN_UNINITIALIZED_AUTOS = YES_AGGRESSIVE;
				GCC_WARN_UNUSED_FUNCTION = YES;
				GCC_WARN_UNUSED_VARIABLE = YES;
				IPHONEOS_DEPLOYMENT_TARGET = 16.4;
				MTL_ENABLE_DEBUG_INFO = INCLUDE_SOURCE;
				MTL_FAST_MATH = YES;
				ONLY_ACTIVE_ARCH = YES;
				SDKROOT = iphoneos;
				SWIFT_ACTIVE_COMPILATION_CONDITIONS = DEBUG;
				SWIFT_OPTIMIZATION_LEVEL = "-Onone";
			};
			name = Debug;
		};
		F39EA92F2AA9FE4B0054DC77 /* Release */ = {
			isa = XCBuildConfiguration;
			buildSettings = {
				ALWAYS_SEARCH_USER_PATHS = NO;
				CLANG_ANALYZER_NONNULL = YES;
				CLANG_ANALYZER_NUMBER_OBJECT_CONVERSION = YES_AGGRESSIVE;
				CLANG_CXX_LANGUAGE_STANDARD = "gnu++20";
				CLANG_ENABLE_MODULES = YES;
				CLANG_ENABLE_OBJC_ARC = YES;
				CLANG_ENABLE_OBJC_WEAK = YES;
				CLANG_WARN_BLOCK_CAPTURE_AUTORELEASING = YES;
				CLANG_WARN_BOOL_CONVERSION = YES;
				CLANG_WARN_COMMA = YES;
				CLANG_WARN_CONSTANT_CONVERSION = YES;
				CLANG_WARN_DEPRECATED_OBJC_IMPLEMENTATIONS = YES;
				CLANG_WARN_DIRECT_OBJC_ISA_USAGE = YES_ERROR;
				CLANG_WARN_DOCUMENTATION_COMMENTS = YES;
				CLANG_WARN_EMPTY_BODY = YES;
				CLANG_WARN_ENUM_CONVERSION = YES;
				CLANG_WARN_INFINITE_RECURSION = YES;
				CLANG_WARN_INT_CONVERSION = YES;
				CLANG_WARN_NON_LITERAL_NULL_CONVERSION = YES;
				CLANG_WARN_OBJC_IMPLICIT_RETAIN_SELF = YES;
				CLANG_WARN_OBJC_LITERAL_CONVERSION = YES;
				CLANG_WARN_OBJC_ROOT_CLASS = YES_ERROR;
				CLANG_WARN_QUOTED_INCLUDE_IN_FRAMEWORK_HEADER = YES;
				CLANG_WARN_RANGE_LOOP_ANALYSIS = YES;
				CLANG_WARN_STRICT_PROTOTYPES = YES;
				CLANG_WARN_SUSPICIOUS_MOVE = YES;
				CLANG_WARN_UNGUARDED_AVAILABILITY = YES_AGGRESSIVE;
				CLANG_WARN_UNREACHABLE_CODE = YES;
				CLANG_WARN__DUPLICATE_METHOD_MATCH = YES;
				COPY_PHASE_STRIP = NO;
				DEBUG_INFORMATION_FORMAT = "dwarf-with-dsym";
				ENABLE_NS_ASSERTIONS = NO;
				ENABLE_STRICT_OBJC_MSGSEND = YES;
				GCC_C_LANGUAGE_STANDARD = gnu11;
				GCC_NO_COMMON_BLOCKS = YES;
				GCC_WARN_64_TO_32_BIT_CONVERSION = YES;
				GCC_WARN_ABOUT_RETURN_TYPE = YES_ERROR;
				GCC_WARN_UNDECLARED_SELECTOR = YES;
				GCC_WARN_UNINITIALIZED_AUTOS = YES_AGGRESSIVE;
				GCC_WARN_UNUSED_FUNCTION = YES;
				GCC_WARN_UNUSED_VARIABLE = YES;
				IPHONEOS_DEPLOYMENT_TARGET = 16.4;
				MTL_ENABLE_DEBUG_INFO = NO;
				MTL_FAST_MATH = YES;
				SDKROOT = iphoneos;
				SWIFT_COMPILATION_MODE = wholemodule;
				SWIFT_OPTIMIZATION_LEVEL = "-O";
				VALIDATE_PRODUCT = YES;
			};
			name = Release;
		};
		F39EA9312AA9FE4B0054DC77 /* Debug */ = {
			isa = XCBuildConfiguration;
			baseConfigurationReference = D6A4CEA92D17D828E2E38CD8 /* Pods-ByteCore.debug.xcconfig */;
			buildSettings = {
				ASSETCATALOG_COMPILER_APPICON_NAME = AppIcon;
				ASSETCATALOG_COMPILER_GLOBAL_ACCENT_COLOR_NAME = AccentColor;
				CLANG_ENABLE_MODULES = YES;
				CODE_SIGN_STYLE = Automatic;
				CURRENT_PROJECT_VERSION = 1;
				DEVELOPMENT_TEAM = AM9KG4TB3A;
				GENERATE_INFOPLIST_FILE = YES;
				INFOPLIST_FILE = ByteCore/Resources/Info.plist;
				INFOPLIST_KEY_UIApplicationSupportsIndirectInputEvents = YES;
				INFOPLIST_KEY_UILaunchStoryboardName = LaunchScreen;
				INFOPLIST_KEY_UIMainStoryboardFile = "";
				INFOPLIST_KEY_UISupportedInterfaceOrientations_iPad = "UIInterfaceOrientationPortrait UIInterfaceOrientationPortraitUpsideDown UIInterfaceOrientationLandscapeLeft UIInterfaceOrientationLandscapeRight";
				INFOPLIST_KEY_UISupportedInterfaceOrientations_iPhone = "UIInterfaceOrientationPortrait UIInterfaceOrientationLandscapeLeft UIInterfaceOrientationLandscapeRight";
				LD_RUNPATH_SEARCH_PATHS = (
					"$(inherited)",
					"@executable_path/Frameworks",
				);
				MARKETING_VERSION = 1.0;
				PRODUCT_BUNDLE_IDENTIFIER = com.adisurya.ByteCore;
				PRODUCT_NAME = "$(TARGET_NAME)";
				SWIFT_EMIT_LOC_STRINGS = YES;
				SWIFT_OPTIMIZATION_LEVEL = "-Onone";
				SWIFT_VERSION = 5.0;
				TARGETED_DEVICE_FAMILY = "1,2";
			};
			name = Debug;
		};
		F39EA9322AA9FE4B0054DC77 /* Release */ = {
			isa = XCBuildConfiguration;
			baseConfigurationReference = 092407AE86E32C220B8C1904 /* Pods-ByteCore.release.xcconfig */;
			buildSettings = {
				ASSETCATALOG_COMPILER_APPICON_NAME = AppIcon;
				ASSETCATALOG_COMPILER_GLOBAL_ACCENT_COLOR_NAME = AccentColor;
				CLANG_ENABLE_MODULES = YES;
				CODE_SIGN_STYLE = Automatic;
				CURRENT_PROJECT_VERSION = 1;
				DEVELOPMENT_TEAM = AM9KG4TB3A;
				GENERATE_INFOPLIST_FILE = YES;
				INFOPLIST_FILE = ByteCore/Resources/Info.plist;
				INFOPLIST_KEY_UIApplicationSupportsIndirectInputEvents = YES;
				INFOPLIST_KEY_UILaunchStoryboardName = LaunchScreen;
				INFOPLIST_KEY_UIMainStoryboardFile = "";
				INFOPLIST_KEY_UISupportedInterfaceOrientations_iPad = "UIInterfaceOrientationPortrait UIInterfaceOrientationPortraitUpsideDown UIInterfaceOrientationLandscapeLeft UIInterfaceOrientationLandscapeRight";
				INFOPLIST_KEY_UISupportedInterfaceOrientations_iPhone = "UIInterfaceOrientationPortrait UIInterfaceOrientationLandscapeLeft UIInterfaceOrientationLandscapeRight";
				LD_RUNPATH_SEARCH_PATHS = (
					"$(inherited)",
					"@executable_path/Frameworks",
				);
				MARKETING_VERSION = 1.0;
				PRODUCT_BUNDLE_IDENTIFIER = com.adisurya.ByteCore;
				PRODUCT_NAME = "$(TARGET_NAME)";
				SWIFT_EMIT_LOC_STRINGS = YES;
				SWIFT_VERSION = 5.0;
				TARGETED_DEVICE_FAMILY = "1,2";
			};
			name = Release;
		};
		F39EA9342AA9FE4B0054DC77 /* Debug */ = {
			isa = XCBuildConfiguration;
			baseConfigurationReference = 3E93EEA74E2148F81C174F0A /* Pods-ByteCoreTests.debug.xcconfig */;
			buildSettings = {
				ALWAYS_EMBED_SWIFT_STANDARD_LIBRARIES = YES;
				BUNDLE_LOADER = "$(TEST_HOST)";
				CODE_SIGN_STYLE = Automatic;
				CURRENT_PROJECT_VERSION = 1;
				DEVELOPMENT_TEAM = AM9KG4TB3A;
				GENERATE_INFOPLIST_FILE = YES;
				IPHONEOS_DEPLOYMENT_TARGET = 16.4;
				MARKETING_VERSION = 1.0;
				PRODUCT_BUNDLE_IDENTIFIER = com.adisurya.ByteCoreTests;
				PRODUCT_NAME = "$(TARGET_NAME)";
				SWIFT_EMIT_LOC_STRINGS = NO;
				SWIFT_VERSION = 5.0;
				TARGETED_DEVICE_FAMILY = "1,2";
				TEST_HOST = "$(BUILT_PRODUCTS_DIR)/ByteCore.app/$(BUNDLE_EXECUTABLE_FOLDER_PATH)/ByteCore";
			};
			name = Debug;
		};
		F39EA9352AA9FE4B0054DC77 /* Release */ = {
			isa = XCBuildConfiguration;
			baseConfigurationReference = 987F6DC5D47EB8BA2BE5E23C /* Pods-ByteCoreTests.release.xcconfig */;
			buildSettings = {
				ALWAYS_EMBED_SWIFT_STANDARD_LIBRARIES = YES;
				BUNDLE_LOADER = "$(TEST_HOST)";
				CODE_SIGN_STYLE = Automatic;
				CURRENT_PROJECT_VERSION = 1;
				DEVELOPMENT_TEAM = AM9KG4TB3A;
				GENERATE_INFOPLIST_FILE = YES;
				IPHONEOS_DEPLOYMENT_TARGET = 16.4;
				MARKETING_VERSION = 1.0;
				PRODUCT_BUNDLE_IDENTIFIER = com.adisurya.ByteCoreTests;
				PRODUCT_NAME = "$(TARGET_NAME)";
				SWIFT_EMIT_LOC_STRINGS = NO;
				SWIFT_VERSION = 5.0;
				TARGETED_DEVICE_FAMILY = "1,2";
				TEST_HOST = "$(BUILT_PRODUCTS_DIR)/ByteCore.app/$(BUNDLE_EXECUTABLE_FOLDER_PATH)/ByteCore";
			};
			name = Release;
		};
		F39EA9372AA9FE4B0054DC77 /* Debug */ = {
			isa = XCBuildConfiguration;
			baseConfigurationReference = 3D8437AB44A0F83861F37148 /* Pods-ByteCore-ByteCoreUITests.debug.xcconfig */;
			buildSettings = {
				ALWAYS_EMBED_SWIFT_STANDARD_LIBRARIES = YES;
				CODE_SIGN_STYLE = Automatic;
				CURRENT_PROJECT_VERSION = 1;
				DEVELOPMENT_TEAM = AM9KG4TB3A;
				GENERATE_INFOPLIST_FILE = YES;
				MARKETING_VERSION = 1.0;
				PRODUCT_BUNDLE_IDENTIFIER = com.adisurya.ByteCoreUITests;
				PRODUCT_NAME = "$(TARGET_NAME)";
				SWIFT_EMIT_LOC_STRINGS = NO;
				SWIFT_VERSION = 5.0;
				TARGETED_DEVICE_FAMILY = "1,2";
				TEST_TARGET_NAME = ByteCore;
			};
			name = Debug;
		};
		F39EA9382AA9FE4B0054DC77 /* Release */ = {
			isa = XCBuildConfiguration;
			baseConfigurationReference = E9039E3B0A96CF489C361A5A /* Pods-ByteCore-ByteCoreUITests.release.xcconfig */;
			buildSettings = {
				ALWAYS_EMBED_SWIFT_STANDARD_LIBRARIES = YES;
				CODE_SIGN_STYLE = Automatic;
				CURRENT_PROJECT_VERSION = 1;
				DEVELOPMENT_TEAM = AM9KG4TB3A;
				GENERATE_INFOPLIST_FILE = YES;
				MARKETING_VERSION = 1.0;
				PRODUCT_BUNDLE_IDENTIFIER = com.adisurya.ByteCoreUITests;
				PRODUCT_NAME = "$(TARGET_NAME)";
				SWIFT_EMIT_LOC_STRINGS = NO;
				SWIFT_VERSION = 5.0;
				TARGETED_DEVICE_FAMILY = "1,2";
				TEST_TARGET_NAME = ByteCore;
			};
			name = Release;
		};
/* End XCBuildConfiguration section */

/* Begin XCConfigurationList section */
		F39EA9012AA9FE4A0054DC77 /* Build configuration list for PBXProject "ByteCore" */ = {
			isa = XCConfigurationList;
			buildConfigurations = (
				F39EA92E2AA9FE4B0054DC77 /* Debug */,
				F39EA92F2AA9FE4B0054DC77 /* Release */,
			);
			defaultConfigurationIsVisible = 0;
			defaultConfigurationName = Release;
		};
		F39EA9302AA9FE4B0054DC77 /* Build configuration list for PBXNativeTarget "ByteCore" */ = {
			isa = XCConfigurationList;
			buildConfigurations = (
				F39EA9312AA9FE4B0054DC77 /* Debug */,
				F39EA9322AA9FE4B0054DC77 /* Release */,
			);
			defaultConfigurationIsVisible = 0;
			defaultConfigurationName = Release;
		};
		F39EA9332AA9FE4B0054DC77 /* Build configuration list for PBXNativeTarget "ByteCoreTests" */ = {
			isa = XCConfigurationList;
			buildConfigurations = (
				F39EA9342AA9FE4B0054DC77 /* Debug */,
				F39EA9352AA9FE4B0054DC77 /* Release */,
			);
			defaultConfigurationIsVisible = 0;
			defaultConfigurationName = Release;
		};
		F39EA9362AA9FE4B0054DC77 /* Build configuration list for PBXNativeTarget "ByteCoreUITests" */ = {
			isa = XCConfigurationList;
			buildConfigurations = (
				F39EA9372AA9FE4B0054DC77 /* Debug */,
				F39EA9382AA9FE4B0054DC77 /* Release */,
			);
			defaultConfigurationIsVisible = 0;
			defaultConfigurationName = Release;
		};
/* End XCConfigurationList section */
	};
	rootObject = F39EA8FE2AA9FE4A0054DC77 /* Project object */;
}
